
Microsoft Visual Studio Solution File, Format Version 11.00
# Visual Studio 2010
Project("{8BC9CEB8-8B4A-11D0-8D11-00A0C91BC942}") = "GraphicEditor_By_PassionDesigners", "GraphicEditor_By_PassionDesigners.vcxproj", "{9CDAF6C9-D59F-4E63-8D30-C3363E52D24D}"
EndProject
Global
	GlobalSection(SolutionConfigurationPlatforms) = preSolution
		Debug|Win32 = Debug|Win32
		Release|Win32 = Release|Win32
	EndGlobalSection
	GlobalSection(ProjectConfigurationPlatforms) = postSolution
		{9CDAF6C9-D59F-4E63-8D30-C3363E52D24D}.Debug|Win32.ActiveCfg = Debug|Win32
		{9CDAF6C9-D59F-4E63-8D30-C3363E52D24D}.Debug|Win32.Build.0 = Debug|Win32
		{9CDAF6C9-D59F-4E63-8D30-C3363E52D24D}.Release|Win32.ActiveCfg = Release|Win32
		{9CDAF6C9-D59F-4E63-8D30-C3363E52D24D}.Release|Win32.Build.0 = Release|Win32
	EndGlobalSection
	GlobalSection(SolutionProperties) = preSolution
		HideSolutionNode = FALSE
	EndGlobalSection
EndGlobal
